
Microsoft Visual Studio Solution File, Format Version 12.00
# Visual Studio Version 17
VisualStudioVersion = 17.9.34616.47
MinimumVisualStudioVersion = 10.0.40219.1
Project("{FAE04EC0-301F-11D3-BF4B-00C04F79EFBC}") = "Covid Mvc Project", "Covid Mvc Project\Covid Mvc Project.csproj", "{EA27B975-132F-45EA-868B-349D677DCB6A}"
EndProject
Global
	GlobalSection(SolutionConfigurationPlatforms) = preSolution
		Debug|Any CPU = Debug|Any CPU
		Release|Any CPU = Release|Any CPU
	EndGlobalSection
	GlobalSection(ProjectConfigurationPlatforms) = postSolution
		{EA27B975-132F-45EA-868B-349D677DCB6A}.Debug|Any CPU.ActiveCfg = Debug|Any CPU
		{EA27B975-132F-45EA-868B-349D677DCB6A}.Debug|Any CPU.Build.0 = Debug|Any CPU
		{EA27B975-132F-45EA-868B-349D677DCB6A}.Release|Any CPU.ActiveCfg = Release|Any CPU
		{EA27B975-132F-45EA-868B-349D677DCB6A}.Release|Any CPU.Build.0 = Release|Any CPU
	EndGlobalSection
	GlobalSection(SolutionProperties) = preSolution
		HideSolutionNode = FALSE
	EndGlobalSection
	GlobalSection(ExtensibilityGlobals) = postSolution
		SolutionGuid = {ADD21BBE-EA30-411B-95AD-7FE5F2878C4A}
	EndGlobalSection
EndGlobal
